
Microsoft Visual Studio Solution File, Format Version 12.00
Project("{FAE04EC0-301F-11D3-BF4B-00C04F79EFBC}") = "SwitchCases", "SwitchCases\SwitchCases.csproj", "{4554064D-278C-4D92-8F45-9088FD8DCAB3}"
EndProject
Global
	GlobalSection(SolutionConfigurationPlatforms) = preSolution
		Debug|Any CPU = Debug|Any CPU
		Release|Any CPU = Release|Any CPU
	EndGlobalSection
	GlobalSection(ProjectConfigurationPlatforms) = postSolution
		{4554064D-278C-4D92-8F45-9088FD8DCAB3}.Debug|Any CPU.ActiveCfg = Debug|Any CPU
		{4554064D-278C-4D92-8F45-9088FD8DCAB3}.Debug|Any CPU.Build.0 = Debug|Any CPU
		{4554064D-278C-4D92-8F45-9088FD8DCAB3}.Release|Any CPU.ActiveCfg = Release|Any CPU
		{4554064D-278C-4D92-8F45-9088FD8DCAB3}.Release|Any CPU.Build.0 = Release|Any CPU
	EndGlobalSection
EndGlobal
